
Microsoft Visual Studio Solution File, Format Version 12.00
Project("{FAE04EC0-301F-11D3-BF4B-00C04F79EFBC}") = "Person.Web.Api", "Person.Web.Api\Person.Web.Api.csproj", "{DF317DEA-E1B3-47FE-AFE5-2FCD801DC61A}"
EndProject
Project("{2150E333-8FDC-42A3-9474-1A3956D46DE8}") = "Person.Web", "Person.Web", "{2AB77F8E-1612-4BC0-AF39-3042438F5449}"
EndProject
Project("{2150E333-8FDC-42A3-9474-1A3956D46DE8}") = "Person.DataAccess", "Person.DataAccess", "{9DF96D85-E15B-41FA-BFB1-FABDA8D630DE}"
EndProject
Project("{FAE04EC0-301F-11D3-BF4B-00C04F79EFBC}") = "Person.DataAccess.Context", "Person.DataAccess.Context\Person.DataAccess.Context.csproj", "{24EEEF5F-53E1-4DB4-801F-AAC4F0B556CD}"
EndProject
Project("{2150E333-8FDC-42A3-9474-1A3956D46DE8}") = "Person.Domain", "Person.Domain", "{5833B929-2911-46B0-9B63-F0CC1FF8A934}"
EndProject
Project("{FAE04EC0-301F-11D3-BF4B-00C04F79EFBC}") = "Person.Domain.Interfaces", "Person.Domain.Interfaces\Person.Domain.Interfaces.csproj", "{F0568D31-8357-48D9-A096-D600B12B96E8}"
EndProject
Project("{FAE04EC0-301F-11D3-BF4B-00C04F79EFBC}") = "Person.Domain.Models", "Person.Domain.Models\Person.Domain.Models.csproj", "{A015413D-B444-4ABE-84F8-34C60060F541}"
EndProject
Project("{FAE04EC0-301F-11D3-BF4B-00C04F79EFBC}") = "Person.DataAccess.Models", "Person.DataAccess.Models\Person.DataAccess.Models.csproj", "{374B2D03-95F1-4E1B-8E75-4818E0685679}"
EndProject
Project("{FAE04EC0-301F-11D3-BF4B-00C04F79EFBC}") = "Person.DataAccess.Repositories", "Person.DataAccess.Repositories\Person.DataAccess.Repositories.csproj", "{B6341A4E-4D70-41E2-93DB-5B8ED513AE71}"
EndProject
Project("{FAE04EC0-301F-11D3-BF4B-00C04F79EFBC}") = "Person.Web.Dto", "Person.Web.Dto\Person.Web.Dto.csproj", "{8D29DDA1-BD33-494C-AE84-EACF5FA387CF}"
EndProject
Global
	GlobalSection(SolutionConfigurationPlatforms) = preSolution
		Debug|Any CPU = Debug|Any CPU
		Release|Any CPU = Release|Any CPU
	EndGlobalSection
	GlobalSection(ProjectConfigurationPlatforms) = postSolution
		{DF317DEA-E1B3-47FE-AFE5-2FCD801DC61A}.Debug|Any CPU.ActiveCfg = Debug|Any CPU
		{DF317DEA-E1B3-47FE-AFE5-2FCD801DC61A}.Debug|Any CPU.Build.0 = Debug|Any CPU
		{DF317DEA-E1B3-47FE-AFE5-2FCD801DC61A}.Release|Any CPU.ActiveCfg = Release|Any CPU
		{DF317DEA-E1B3-47FE-AFE5-2FCD801DC61A}.Release|Any CPU.Build.0 = Release|Any CPU
		{24EEEF5F-53E1-4DB4-801F-AAC4F0B556CD}.Debug|Any CPU.ActiveCfg = Debug|Any CPU
		{24EEEF5F-53E1-4DB4-801F-AAC4F0B556CD}.Debug|Any CPU.Build.0 = Debug|Any CPU
		{24EEEF5F-53E1-4DB4-801F-AAC4F0B556CD}.Release|Any CPU.ActiveCfg = Release|Any CPU
		{24EEEF5F-53E1-4DB4-801F-AAC4F0B556CD}.Release|Any CPU.Build.0 = Release|Any CPU
		{F0568D31-8357-48D9-A096-D600B12B96E8}.Debug|Any CPU.ActiveCfg = Debug|Any CPU
		{F0568D31-8357-48D9-A096-D600B12B96E8}.Debug|Any CPU.Build.0 = Debug|Any CPU
		{F0568D31-8357-48D9-A096-D600B12B96E8}.Release|Any CPU.ActiveCfg = Release|Any CPU
		{F0568D31-8357-48D9-A096-D600B12B96E8}.Release|Any CPU.Build.0 = Release|Any CPU
		{A015413D-B444-4ABE-84F8-34C60060F541}.Debug|Any CPU.ActiveCfg = Debug|Any CPU
		{A015413D-B444-4ABE-84F8-34C60060F541}.Debug|Any CPU.Build.0 = Debug|Any CPU
		{A015413D-B444-4ABE-84F8-34C60060F541}.Release|Any CPU.ActiveCfg = Release|Any CPU
		{A015413D-B444-4ABE-84F8-34C60060F541}.Release|Any CPU.Build.0 = Release|Any CPU
		{374B2D03-95F1-4E1B-8E75-4818E0685679}.Debug|Any CPU.ActiveCfg = Debug|Any CPU
		{374B2D03-95F1-4E1B-8E75-4818E0685679}.Debug|Any CPU.Build.0 = Debug|Any CPU
		{374B2D03-95F1-4E1B-8E75-4818E0685679}.Release|Any CPU.ActiveCfg = Release|Any CPU
		{374B2D03-95F1-4E1B-8E75-4818E0685679}.Release|Any CPU.Build.0 = Release|Any CPU
		{B6341A4E-4D70-41E2-93DB-5B8ED513AE71}.Debug|Any CPU.ActiveCfg = Debug|Any CPU
		{B6341A4E-4D70-41E2-93DB-5B8ED513AE71}.Debug|Any CPU.Build.0 = Debug|Any CPU
		{B6341A4E-4D70-41E2-93DB-5B8ED513AE71}.Release|Any CPU.ActiveCfg = Release|Any CPU
		{B6341A4E-4D70-41E2-93DB-5B8ED513AE71}.Release|Any CPU.Build.0 = Release|Any CPU
		{8D29DDA1-BD33-494C-AE84-EACF5FA387CF}.Debug|Any CPU.ActiveCfg = Debug|Any CPU
		{8D29DDA1-BD33-494C-AE84-EACF5FA387CF}.Debug|Any CPU.Build.0 = Debug|Any CPU
		{8D29DDA1-BD33-494C-AE84-EACF5FA387CF}.Release|Any CPU.ActiveCfg = Release|Any CPU
		{8D29DDA1-BD33-494C-AE84-EACF5FA387CF}.Release|Any CPU.Build.0 = Release|Any CPU
	EndGlobalSection
	GlobalSection(NestedProjects) = preSolution
		{DF317DEA-E1B3-47FE-AFE5-2FCD801DC61A} = {2AB77F8E-1612-4BC0-AF39-3042438F5449}
		{24EEEF5F-53E1-4DB4-801F-AAC4F0B556CD} = {9DF96D85-E15B-41FA-BFB1-FABDA8D630DE}
		{F0568D31-8357-48D9-A096-D600B12B96E8} = {5833B929-2911-46B0-9B63-F0CC1FF8A934}
		{A015413D-B444-4ABE-84F8-34C60060F541} = {5833B929-2911-46B0-9B63-F0CC1FF8A934}
		{374B2D03-95F1-4E1B-8E75-4818E0685679} = {9DF96D85-E15B-41FA-BFB1-FABDA8D630DE}
		{B6341A4E-4D70-41E2-93DB-5B8ED513AE71} = {9DF96D85-E15B-41FA-BFB1-FABDA8D630DE}
		{8D29DDA1-BD33-494C-AE84-EACF5FA387CF} = {2AB77F8E-1612-4BC0-AF39-3042438F5449}
	EndGlobalSection
EndGlobal
